
Microsoft Visual Studio Solution File, Format Version 12.00
# Visual Studio Version 16
VisualStudioVersion = 16.0.30907.101
MinimumVisualStudioVersion = 10.0.40219.1
Project("{FAE04EC0-301F-11D3-BF4B-00C04F79EFBC}") = "LogiX", "LogiX\LogiX.csproj", "{5018DE15-BDB9-4E9A-8B3F-0D48E45E1B5B}"
EndProject
Global
	GlobalSection(SolutionConfigurationPlatforms) = preSolution
		Debug|Any CPU = Debug|Any CPU
		Release|Any CPU = Release|Any CPU
	EndGlobalSection
	GlobalSection(ProjectConfigurationPlatforms) = postSolution
		{5018DE15-BDB9-4E9A-8B3F-0D48E45E1B5B}.Debug|Any CPU.ActiveCfg = Debug|Any CPU
		{5018DE15-BDB9-4E9A-8B3F-0D48E45E1B5B}.Debug|Any CPU.Build.0 = Debug|Any CPU
		{5018DE15-BDB9-4E9A-8B3F-0D48E45E1B5B}.Release|Any CPU.ActiveCfg = Release|Any CPU
		{5018DE15-BDB9-4E9A-8B3F-0D48E45E1B5B}.Release|Any CPU.Build.0 = Release|Any CPU
	EndGlobalSection
	GlobalSection(SolutionProperties) = preSolution
		HideSolutionNode = FALSE
	EndGlobalSection
	GlobalSection(ExtensibilityGlobals) = postSolution
		SolutionGuid = {52F05816-3811-493C-967B-C124D96BD891}
	EndGlobalSection
EndGlobal
