
Microsoft Visual Studio Solution File, Format Version 12.00
# Visual Studio Version 17
VisualStudioVersion = 17.0.31903.59
MinimumVisualStudioVersion = 10.0.40219.1
Project("{FAE04EC0-301F-11D3-BF4B-00C04F79EFBC}") = "LogiX", "LogiX\LogiX.csproj", "{6A54A15A-B249-412D-A220-D7E50AED9100}"
EndProject
Project("{FAE04EC0-301F-11D3-BF4B-00C04F79EFBC}") = "LogiX.Tests", "LogiX.Tests\LogiX.Tests.csproj", "{CAD65CFE-64A8-4A28-ABB3-2AB0E1A7F5CD}"
EndProject
Global
	GlobalSection(SolutionConfigurationPlatforms) = preSolution
		Debug|Any CPU = Debug|Any CPU
		Release|Any CPU = Release|Any CPU
	EndGlobalSection
	GlobalSection(SolutionProperties) = preSolution
		HideSolutionNode = FALSE
	EndGlobalSection
	GlobalSection(ProjectConfigurationPlatforms) = postSolution
		{6A54A15A-B249-412D-A220-D7E50AED9100}.Debug|Any CPU.ActiveCfg = Debug|Any CPU
		{6A54A15A-B249-412D-A220-D7E50AED9100}.Debug|Any CPU.Build.0 = Debug|Any CPU
		{6A54A15A-B249-412D-A220-D7E50AED9100}.Release|Any CPU.ActiveCfg = Release|Any CPU
		{6A54A15A-B249-412D-A220-D7E50AED9100}.Release|Any CPU.Build.0 = Release|Any CPU
		{CAD65CFE-64A8-4A28-ABB3-2AB0E1A7F5CD}.Debug|Any CPU.ActiveCfg = Debug|Any CPU
		{CAD65CFE-64A8-4A28-ABB3-2AB0E1A7F5CD}.Debug|Any CPU.Build.0 = Debug|Any CPU
		{CAD65CFE-64A8-4A28-ABB3-2AB0E1A7F5CD}.Release|Any CPU.ActiveCfg = Release|Any CPU
		{CAD65CFE-64A8-4A28-ABB3-2AB0E1A7F5CD}.Release|Any CPU.Build.0 = Release|Any CPU
	EndGlobalSection
EndGlobal
